
Microsoft Visual Studio Solution File, Format Version 12.00
# Visual Studio Version 16
VisualStudioVersion = 16.0.31410.357
MinimumVisualStudioVersion = 10.0.40219.1
Project("{FAE04EC0-301F-11D3-BF4B-00C04F79EFBC}") = "lf", "lf\lf.csproj", "{A0F66973-CF17-4174-925A-386F2141CF79}"
EndProject
Global
	GlobalSection(SolutionConfigurationPlatforms) = preSolution
		Debug|Any CPU = Debug|Any CPU
		Release|Any CPU = Release|Any CPU
	EndGlobalSection
	GlobalSection(ProjectConfigurationPlatforms) = postSolution
		{A0F66973-CF17-4174-925A-386F2141CF79}.Debug|Any CPU.ActiveCfg = Debug|Any CPU
		{A0F66973-CF17-4174-925A-386F2141CF79}.Debug|Any CPU.Build.0 = Debug|Any CPU
		{A0F66973-CF17-4174-925A-386F2141CF79}.Release|Any CPU.ActiveCfg = Release|Any CPU
		{A0F66973-CF17-4174-925A-386F2141CF79}.Release|Any CPU.Build.0 = Release|Any CPU
	EndGlobalSection
	GlobalSection(SolutionProperties) = preSolution
		HideSolutionNode = FALSE
	EndGlobalSection
	GlobalSection(ExtensibilityGlobals) = postSolution
		SolutionGuid = {5E1CAD05-88B4-4881-A2E1-5B0A0C44B2D6}
	EndGlobalSection
EndGlobal
